
Microsoft Visual Studio Solution File, Format Version 12.00
# Visual Studio 14
VisualStudioVersion = 14.0.23107.0
MinimumVisualStudioVersion = 10.0.40219.1
Project("{F184B08F-C81C-45F6-A57F-5ABD9991F28F}") = "LibrairieJobs", "LibrairieJobs\LibrairieJobs.vbproj", "{99044BE9-3228-49DA-99C5-3C6B6B63153B}"
EndProject
Project("{F184B08F-C81C-45F6-A57F-5ABD9991F28F}") = "waTestLibJobe", "waTestLibJobe\waTestLibJobe.vbproj", "{BCE03E11-4FC9-40F1-B1DA-9D73330618F6}"
EndProject
Global
	GlobalSection(SolutionConfigurationPlatforms) = preSolution
		Debug|Any CPU = Debug|Any CPU
		Release|Any CPU = Release|Any CPU
	EndGlobalSection
	GlobalSection(ProjectConfigurationPlatforms) = postSolution
		{99044BE9-3228-49DA-99C5-3C6B6B63153B}.Debug|Any CPU.ActiveCfg = Debug|Any CPU
		{99044BE9-3228-49DA-99C5-3C6B6B63153B}.Debug|Any CPU.Build.0 = Debug|Any CPU
		{99044BE9-3228-49DA-99C5-3C6B6B63153B}.Release|Any CPU.ActiveCfg = Release|Any CPU
		{99044BE9-3228-49DA-99C5-3C6B6B63153B}.Release|Any CPU.Build.0 = Release|Any CPU
		{BCE03E11-4FC9-40F1-B1DA-9D73330618F6}.Debug|Any CPU.ActiveCfg = Debug|Any CPU
		{BCE03E11-4FC9-40F1-B1DA-9D73330618F6}.Debug|Any CPU.Build.0 = Debug|Any CPU
		{BCE03E11-4FC9-40F1-B1DA-9D73330618F6}.Release|Any CPU.ActiveCfg = Release|Any CPU
		{BCE03E11-4FC9-40F1-B1DA-9D73330618F6}.Release|Any CPU.Build.0 = Release|Any CPU
	EndGlobalSection
	GlobalSection(SolutionProperties) = preSolution
		HideSolutionNode = FALSE
	EndGlobalSection
EndGlobal
